{
  "name": "chatblocks",
  "version": "1.0.0",
  "lockfileVersion": 1,
  "requires": true,
  "dependencies": {
    "webwebweb": {
      "version": "1.4.0",
      "resolved": "https://registry.npmjs.org/webwebweb/-/webwebweb-1.4.0.tgz",
      "integrity": "sha512-r9XbdXH/iuPQp8WUzkmJ54lMyjE9fr8H30df1vk9cledDl5Ahe2DXu6ppebHtp+/KUHhEfqmMdLOvYCpy5vvSg=="
    }
  }
}
